
Microsoft Visual Studio Solution File, Format Version 12.00
# Visual Studio Version 17
VisualStudioVersion = 17.14.36518.9 d17.14
MinimumVisualStudioVersion = 10.0.40219.1
Project("{FAE04EC0-301F-11D3-BF4B-00C04F79EFBC}") = "BARAN", "BARAN\BARAN.csproj", "{CC311466-BAB8-4D4C-9077-C4BEE7D59F98}"
EndProject
Global
	GlobalSection(SolutionConfigurationPlatforms) = preSolution
		Debug|Any CPU = Debug|Any CPU
		Release|Any CPU = Release|Any CPU
	EndGlobalSection
	GlobalSection(ProjectConfigurationPlatforms) = postSolution
		{CC311466-BAB8-4D4C-9077-C4BEE7D59F98}.Debug|Any CPU.ActiveCfg = Debug|Any CPU
		{CC311466-BAB8-4D4C-9077-C4BEE7D59F98}.Debug|Any CPU.Build.0 = Debug|Any CPU
		{CC311466-BAB8-4D4C-9077-C4BEE7D59F98}.Release|Any CPU.ActiveCfg = Release|Any CPU
		{CC311466-BAB8-4D4C-9077-C4BEE7D59F98}.Release|Any CPU.Build.0 = Release|Any CPU
	EndGlobalSection
	GlobalSection(SolutionProperties) = preSolution
		HideSolutionNode = FALSE
	EndGlobalSection
	GlobalSection(ExtensibilityGlobals) = postSolution
		SolutionGuid = {189547CC-CFAD-41A5-81FB-586DA959178F}
	EndGlobalSection
EndGlobal
